packages:
  - git: https://{{ env_var('DBT_ENV_SECRET_GH') }}@github.com/trouze/adi-common.git
    revision: 76f00121624b41fe9315054958849a517db6940b
  - package: brooklyn-data/dbt_artifacts
    version: 2.7.0
  - package: dbt-labs/dbt_project_evaluator
    version: 0.14.3
  - package: dbt-labs/dbt_utils
    version: 1.3.0
sha1_hash: 9815f9fa48c025d98c4c80b14392d6a9d26cea8b
